{
  "lockfileVersion": 1,
  "workspaces": {
    "": {
      "name": "alxhttp",
      "dependencies": {
        "@tanstack/react-query": "^5.66.0",
        "prettier": "^3.5.0",
        "prettier-plugin-organize-imports": "^4.1.0",
        "prettier-plugin-tailwindcss": "^0.6.11",
        "typescript": "^5.7.3",
      },
    },
  },
  "packages": {
    "@tanstack/query-core": ["@tanstack/query-core@5.66.4", "", {}, "sha512-skM/gzNX4shPkqmdTCSoHtJAPMTtmIJNS0hE+xwTTUVYwezArCT34NMermABmBVUg5Ls5aiUXEDXfqwR1oVkcA=="],

    "@tanstack/react-query": ["@tanstack/react-query@5.66.7", "", { "dependencies": { "@tanstack/query-core": "5.66.4" }, "peerDependencies": { "react": "^18 || ^19" } }, "sha512-qd3q/tUpF2K1xItfPZddk1k/8pSXnovg41XyCqJgPoyYEirMBtB0sVEVVQ/CsAOngzgWtBPXimVf4q4kM9uO6A=="],

    "prettier": ["prettier@3.5.1", "", { "bin": { "prettier": "bin/prettier.cjs" } }, "sha512-hPpFQvHwL3Qv5AdRvBFMhnKo4tYxp0ReXiPn2bxkiohEX6mBeBwEpBSQTkD458RaaDKQMYSp4hX4UtfUTA5wDw=="],

    "prettier-plugin-organize-imports": ["prettier-plugin-organize-imports@4.1.0", "", { "peerDependencies": { "prettier": ">=2.0", "typescript": ">=2.9", "vue-tsc": "^2.1.0" }, "optionalPeers": ["vue-tsc"] }, "sha512-5aWRdCgv645xaa58X8lOxzZoiHAldAPChljr/MT0crXVOWTZ+Svl4hIWlz+niYSlO6ikE5UXkN1JrRvIP2ut0A=="],

    "prettier-plugin-tailwindcss": ["prettier-plugin-tailwindcss@0.6.11", "", { "peerDependencies": { "@ianvs/prettier-plugin-sort-imports": "*", "@prettier/plugin-pug": "*", "@shopify/prettier-plugin-liquid": "*", "@trivago/prettier-plugin-sort-imports": "*", "@zackad/prettier-plugin-twig": "*", "prettier": "^3.0", "prettier-plugin-astro": "*", "prettier-plugin-css-order": "*", "prettier-plugin-import-sort": "*", "prettier-plugin-jsdoc": "*", "prettier-plugin-marko": "*", "prettier-plugin-multiline-arrays": "*", "prettier-plugin-organize-attributes": "*", "prettier-plugin-organize-imports": "*", "prettier-plugin-sort-imports": "*", "prettier-plugin-style-order": "*", "prettier-plugin-svelte": "*" }, "optionalPeers": ["@ianvs/prettier-plugin-sort-imports", "@prettier/plugin-pug", "@shopify/prettier-plugin-liquid", "@trivago/prettier-plugin-sort-imports", "@zackad/prettier-plugin-twig", "prettier-plugin-astro", "prettier-plugin-css-order", "prettier-plugin-import-sort", "prettier-plugin-jsdoc", "prettier-plugin-marko", "prettier-plugin-multiline-arrays", "prettier-plugin-organize-attributes", "prettier-plugin-organize-imports", "prettier-plugin-sort-imports", "prettier-plugin-style-order", "prettier-plugin-svelte"] }, "sha512-YxaYSIvZPAqhrrEpRtonnrXdghZg1irNg4qrjboCXrpybLWVs55cW2N3juhspVJiO0JBvYJT8SYsJpc8OQSnsA=="],

    "react": ["react@19.0.0", "", {}, "sha512-V8AVnmPIICiWpGfm6GLzCR/W5FXLchHop40W4nXBmdlEceh16rCN8O8LNWm5bh5XUX91fh7KpA+W0TgMKmgTpQ=="],

    "typescript": ["typescript@5.7.3", "", { "bin": { "tsc": "bin/tsc", "tsserver": "bin/tsserver" } }, "sha512-84MVSjMEHP+FQRPy3pX9sTVV/INIex71s9TL2Gm5FG/WG1SqXeKyZ0k7/blY/4FdOzI12CBy1vGc4og/eus0fw=="],
  }
}
